{
  "nodes": {
    "emacs-overlay": {
      "inputs": {
        "flake-utils": "flake-utils",
        "nixpkgs": [
          "nixpkgs"
        ],
        "nixpkgs-stable": "nixpkgs-stable"
      },
      "locked": {
        "lastModified": 1686418175,
        "narHash": "sha256-Qy8okbXtSZZSE/mQUL44RQN0F4bUQ2M/PCrJxKsqC/c=",
        "owner": "nix-community",
        "repo": "emacs-overlay",
        "rev": "4167af18b056f269700d90c37a1b300571161b95",
        "type": "github"
      },
      "original": {
        "owner": "nix-community",
        "repo": "emacs-overlay",
        "type": "github"
      }
    },
    "flake-utils": {
      "inputs": {
        "systems": "systems"
      },
      "locked": {
        "lastModified": 1685518550,
        "narHash": "sha256-o2d0KcvaXzTrPRIo0kOLV0/QXHhDQ5DTi+OxcjO8xqY=",
        "owner": "numtide",
        "repo": "flake-utils",
        "rev": "a1720a10a6cfe8234c0e93907ffe81be440f4cef",
        "type": "github"
      },
      "original": {
        "owner": "numtide",
        "repo": "flake-utils",
        "type": "github"
      }
    },
    "home-manager": {
      "inputs": {
        "nixpkgs": [
          "nixpkgs"
        ]
      },
      "locked": {
        "lastModified": 1685599623,
        "narHash": "sha256-Tob4CMOVHue0D3RzguDBCtUmX5ji2PsdbQDbIOIKvsc=",
        "owner": "nix-community",
        "repo": "home-manager",
        "rev": "93db05480c0c0f30382d3e80779e8386dcb4f9dd",
        "type": "github"
      },
      "original": {
        "owner": "nix-community",
        "ref": "release-23.05",
        "repo": "home-manager",
        "type": "github"
      }
    },
    "nixpkgs": {
      "locked": {
        "lastModified": 1686331006,
        "narHash": "sha256-hElRDWUNG655aqF0awu+h5cmDN+I/dQcChRt2tGuGGU=",
        "owner": "nixos",
        "repo": "nixpkgs",
        "rev": "85bcb95aa83be667e562e781e9d186c57a07d757",
        "type": "github"
      },
      "original": {
        "owner": "nixos",
        "ref": "nixos-23.05",
        "repo": "nixpkgs",
        "type": "github"
      }
    },
    "nixpkgs-stable": {
      "locked": {
        "lastModified": 1686331006,
        "narHash": "sha256-hElRDWUNG655aqF0awu+h5cmDN+I/dQcChRt2tGuGGU=",
        "owner": "NixOS",
        "repo": "nixpkgs",
        "rev": "85bcb95aa83be667e562e781e9d186c57a07d757",
        "type": "github"
      },
      "original": {
        "owner": "NixOS",
        "ref": "nixos-23.05",
        "repo": "nixpkgs",
        "type": "github"
      }
    },
    "nixpkgs-unstable": {
      "locked": {
        "lastModified": 1686398752,
        "narHash": "sha256-nGWNQVhSw4VSL+S0D0cbrNR9vs9Bq7rlYR+1K5f5j6w=",
        "owner": "NixOS",
        "repo": "nixpkgs",
        "rev": "a30520bf8eabf8a5c37889d661e67a2dbcaa59e6",
        "type": "github"
      },
      "original": {
        "owner": "NixOS",
        "ref": "nixpkgs-unstable",
        "repo": "nixpkgs",
        "type": "github"
      }
    },
    "nur": {
      "locked": {
        "lastModified": 1686429945,
        "narHash": "sha256-3GPQvbyg5J8U0E4v+qm2c4/w6q+aY4X2G4dFXJz/vnY=",
        "owner": "nix-community",
        "repo": "NUR",
        "rev": "8f6b0bb72aa15e35afe0b26f6d376ffc3ae56569",
        "type": "github"
      },
      "original": {
        "owner": "nix-community",
        "repo": "NUR",
        "type": "github"
      }
    },
    "root": {
      "inputs": {
        "emacs-overlay": "emacs-overlay",
        "home-manager": "home-manager",
        "nixpkgs": "nixpkgs",
        "nixpkgs-unstable": "nixpkgs-unstable",
        "nur": "nur"
      }
    },
    "systems": {
      "locked": {
        "lastModified": 1681028828,
        "narHash": "sha256-Vy1rq5AaRuLzOxct8nz4T6wlgyUR7zLU309k9mBC768=",
        "owner": "nix-systems",
        "repo": "default",
        "rev": "da67096a3b9bf56a91d16901293e51ba5b49a27e",
        "type": "github"
      },
      "original": {
        "owner": "nix-systems",
        "repo": "default",
        "type": "github"
      }
    }
  },
  "root": "root",
  "version": 7
}
